
Microsoft Visual Studio Solution File, Format Version 12.00
# Visual Studio 2015
Project("{FAE04EC0-301F-11D3-BF4B-00C04F79EFBC}") = "flappyTap.CSharp", "flappyTap.CSharp.csproj", "{EB85A4FD-CA33-698A-7289-976DDB880C65}"
EndProject
Project("{FAE04EC0-301F-11D3-BF4B-00C04F79EFBC}") = "flappyTap.CSharp.Editor", "flappyTap.CSharp.Editor.csproj", "{E59F3637-184B-B97D-D720-85EA8FAD9F64}"
EndProject
Global
	GlobalSection(SolutionConfigurationPlatforms) = preSolution
		Debug|Any CPU = Debug|Any CPU
		Release|Any CPU = Release|Any CPU
	EndGlobalSection
	GlobalSection(ProjectConfigurationPlatforms) = postSolution
		{EB85A4FD-CA33-698A-7289-976DDB880C65}.Debug|Any CPU.ActiveCfg = Debug|Any CPU
		{EB85A4FD-CA33-698A-7289-976DDB880C65}.Debug|Any CPU.Build.0 = Debug|Any CPU
		{EB85A4FD-CA33-698A-7289-976DDB880C65}.Release|Any CPU.ActiveCfg = Release|Any CPU
		{EB85A4FD-CA33-698A-7289-976DDB880C65}.Release|Any CPU.Build.0 = Release|Any CPU
		{E59F3637-184B-B97D-D720-85EA8FAD9F64}.Debug|Any CPU.ActiveCfg = Debug|Any CPU
		{E59F3637-184B-B97D-D720-85EA8FAD9F64}.Debug|Any CPU.Build.0 = Debug|Any CPU
		{E59F3637-184B-B97D-D720-85EA8FAD9F64}.Release|Any CPU.ActiveCfg = Release|Any CPU
		{E59F3637-184B-B97D-D720-85EA8FAD9F64}.Release|Any CPU.Build.0 = Release|Any CPU
	EndGlobalSection
	GlobalSection(SolutionProperties) = preSolution
		HideSolutionNode = FALSE
	EndGlobalSection
EndGlobal
